
Microsoft Visual Studio Solution File, Format Version 12.00
# Visual Studio 15
VisualStudioVersion = 15.0.28307.572
MinimumVisualStudioVersion = 10.0.40219.1
Project("{FAE04EC0-301F-11D3-BF4B-00C04F79EFBC}") = "Certification-70-483", "Certification-70-483\Certification-70-483.csproj", "{B6725765-A574-460D-B1AE-B3C21C00C2EE}"
EndProject
Global
	GlobalSection(SolutionConfigurationPlatforms) = preSolution
		Debug|Any CPU = Debug|Any CPU
		Release|Any CPU = Release|Any CPU
	EndGlobalSection
	GlobalSection(ProjectConfigurationPlatforms) = postSolution
		{B6725765-A574-460D-B1AE-B3C21C00C2EE}.Debug|Any CPU.ActiveCfg = Debug|Any CPU
		{B6725765-A574-460D-B1AE-B3C21C00C2EE}.Debug|Any CPU.Build.0 = Debug|Any CPU
		{B6725765-A574-460D-B1AE-B3C21C00C2EE}.Release|Any CPU.ActiveCfg = Release|Any CPU
		{B6725765-A574-460D-B1AE-B3C21C00C2EE}.Release|Any CPU.Build.0 = Release|Any CPU
	EndGlobalSection
	GlobalSection(SolutionProperties) = preSolution
		HideSolutionNode = FALSE
	EndGlobalSection
	GlobalSection(ExtensibilityGlobals) = postSolution
		SolutionGuid = {05B5B14C-1783-43A0-B722-9C29E6DBA0E9}
	EndGlobalSection
EndGlobal
